
Microsoft Visual Studio Solution File, Format Version 12.00
# Visual Studio Version 17
VisualStudioVersion = 17.14.36327.8 d17.14
MinimumVisualStudioVersion = 10.0.40219.1
Project("{FAE04EC0-301F-11D3-BF4B-00C04F79EFBC}") = "WebAPI", "WebAPI\WebAPI.csproj", "{34ED210A-55CC-45E7-B0CF-218D04999ED5}"
EndProject
Project("{FAE04EC0-301F-11D3-BF4B-00C04F79EFBC}") = "Core", "Core\Core.csproj", "{8A3BBD02-023C-4C7A-9985-F18E1A473FB4}"
EndProject
Project("{FAE04EC0-301F-11D3-BF4B-00C04F79EFBC}") = "Infrastructure", "Infrastructure\Infrastructure.csproj", "{F458662C-303B-4BD9-9FEA-706C9923C67A}"
EndProject
Global
	GlobalSection(SolutionConfigurationPlatforms) = preSolution
		Debug|Any CPU = Debug|Any CPU
		Release|Any CPU = Release|Any CPU
	EndGlobalSection
	GlobalSection(ProjectConfigurationPlatforms) = postSolution
		{34ED210A-55CC-45E7-B0CF-218D04999ED5}.Debug|Any CPU.ActiveCfg = Debug|Any CPU
		{34ED210A-55CC-45E7-B0CF-218D04999ED5}.Debug|Any CPU.Build.0 = Debug|Any CPU
		{34ED210A-55CC-45E7-B0CF-218D04999ED5}.Release|Any CPU.ActiveCfg = Release|Any CPU
		{34ED210A-55CC-45E7-B0CF-218D04999ED5}.Release|Any CPU.Build.0 = Release|Any CPU
		{8A3BBD02-023C-4C7A-9985-F18E1A473FB4}.Debug|Any CPU.ActiveCfg = Debug|Any CPU
		{8A3BBD02-023C-4C7A-9985-F18E1A473FB4}.Debug|Any CPU.Build.0 = Debug|Any CPU
		{8A3BBD02-023C-4C7A-9985-F18E1A473FB4}.Release|Any CPU.ActiveCfg = Release|Any CPU
		{8A3BBD02-023C-4C7A-9985-F18E1A473FB4}.Release|Any CPU.Build.0 = Release|Any CPU
		{F458662C-303B-4BD9-9FEA-706C9923C67A}.Debug|Any CPU.ActiveCfg = Debug|Any CPU
		{F458662C-303B-4BD9-9FEA-706C9923C67A}.Debug|Any CPU.Build.0 = Debug|Any CPU
		{F458662C-303B-4BD9-9FEA-706C9923C67A}.Release|Any CPU.ActiveCfg = Release|Any CPU
		{F458662C-303B-4BD9-9FEA-706C9923C67A}.Release|Any CPU.Build.0 = Release|Any CPU
	EndGlobalSection
	GlobalSection(SolutionProperties) = preSolution
		HideSolutionNode = FALSE
	EndGlobalSection
	GlobalSection(ExtensibilityGlobals) = postSolution
		SolutionGuid = {9941970E-E749-4CDC-B4CC-88A01BFA06E7}
	EndGlobalSection
EndGlobal
